
Microsoft Visual Studio Solution File, Format Version 12.00
# Visual Studio Version 17
VisualStudioVersion = 17.14.36221.1
MinimumVisualStudioVersion = 10.0.40219.1
Project("{FAE04EC0-301F-11D3-BF4B-00C04F79EFBC}") = "EnterpriseDataManager", "EnterpriseDataManager\EnterpriseDataManager.csproj", "{6ED0DDD3-A68C-47F6-8C28-898E559BD743}"
EndProject
Project("{FAE04EC0-301F-11D3-BF4B-00C04F79EFBC}") = "EnterpriseDataManager.Common", "EnterpriseDataManager.Common\EnterpriseDataManager.Common.csproj", "{8D108FFC-4FBF-42EF-8835-1289F4F72007}"
EndProject
Project("{2150E333-8FDC-42A3-9474-1A3956D46DE8}") = "Web", "Web", "{02EA681E-C7D8-13C7-8484-4AC65E1B71E8}"
EndProject
Project("{2150E333-8FDC-42A3-9474-1A3956D46DE8}") = "Tests", "Tests", "{E7381BFA-671E-4E7F-A0D9-ECEF0B4C80CC}"
EndProject
Project("{2150E333-8FDC-42A3-9474-1A3956D46DE8}") = "Services", "Services", "{E4BDDB4E-1FEB-4A76-8860-1C1FE2BBEB7D}"
EndProject
Project("{2150E333-8FDC-42A3-9474-1A3956D46DE8}") = "Data", "Data", "{B103627D-C9D1-45CE-A9D4-621E2BB824E2}"
EndProject
Global
	GlobalSection(SolutionConfigurationPlatforms) = preSolution
		Debug|Any CPU = Debug|Any CPU
		Release|Any CPU = Release|Any CPU
	EndGlobalSection
	GlobalSection(ProjectConfigurationPlatforms) = postSolution
		{6ED0DDD3-A68C-47F6-8C28-898E559BD743}.Debug|Any CPU.ActiveCfg = Debug|Any CPU
		{6ED0DDD3-A68C-47F6-8C28-898E559BD743}.Debug|Any CPU.Build.0 = Debug|Any CPU
		{6ED0DDD3-A68C-47F6-8C28-898E559BD743}.Release|Any CPU.ActiveCfg = Release|Any CPU
		{6ED0DDD3-A68C-47F6-8C28-898E559BD743}.Release|Any CPU.Build.0 = Release|Any CPU
		{8D108FFC-4FBF-42EF-8835-1289F4F72007}.Debug|Any CPU.ActiveCfg = Debug|Any CPU
		{8D108FFC-4FBF-42EF-8835-1289F4F72007}.Debug|Any CPU.Build.0 = Debug|Any CPU
		{8D108FFC-4FBF-42EF-8835-1289F4F72007}.Release|Any CPU.ActiveCfg = Release|Any CPU
		{8D108FFC-4FBF-42EF-8835-1289F4F72007}.Release|Any CPU.Build.0 = Release|Any CPU
	EndGlobalSection
	GlobalSection(SolutionProperties) = preSolution
		HideSolutionNode = FALSE
	EndGlobalSection
	GlobalSection(NestedProjects) = preSolution
		{6ED0DDD3-A68C-47F6-8C28-898E559BD743} = {02EA681E-C7D8-13C7-8484-4AC65E1B71E8}
	EndGlobalSection
	GlobalSection(ExtensibilityGlobals) = postSolution
		SolutionGuid = {2E32DB34-F86B-468E-9B9B-A2C64C80982A}
	EndGlobalSection
EndGlobal
